
Microsoft Visual Studio Solution File, Format Version 12.00
# Visual Studio 2012
Project("{FAE04EC0-301F-11D3-BF4B-00C04F79EFBC}") = "Pertemuan1_51417266", "Pertemuan1_51417266\Pertemuan1_51417266.csproj", "{907569EB-18DB-4F99-9EED-7790219ADC86}"
EndProject
Global
	GlobalSection(SolutionConfigurationPlatforms) = preSolution
		Debug|Any CPU = Debug|Any CPU
		Release|Any CPU = Release|Any CPU
	EndGlobalSection
	GlobalSection(ProjectConfigurationPlatforms) = postSolution
		{907569EB-18DB-4F99-9EED-7790219ADC86}.Debug|Any CPU.ActiveCfg = Debug|Any CPU
		{907569EB-18DB-4F99-9EED-7790219ADC86}.Debug|Any CPU.Build.0 = Debug|Any CPU
		{907569EB-18DB-4F99-9EED-7790219ADC86}.Release|Any CPU.ActiveCfg = Release|Any CPU
		{907569EB-18DB-4F99-9EED-7790219ADC86}.Release|Any CPU.Build.0 = Release|Any CPU
	EndGlobalSection
	GlobalSection(SolutionProperties) = preSolution
		HideSolutionNode = FALSE
	EndGlobalSection
EndGlobal
